Microsoft Visual Studio Solution File, Format Version 12.00
# Visual Studio Version 17
VisualStudioVersion = 17.5.2.0
MinimumVisualStudioVersion = 10.0.40219.1
Project("{FAE04EC0-301F-11D3-BF4B-00C04F79EFBC}") = "PolicyManagement", "PolicyManagement.csproj", "{4D3561BE-29BA-19A4-1341-1A8FD54C10E3}"
EndProject
Global
	GlobalSection(SolutionConfigurationPlatforms) = preSolution
		Debug|Any CPU = Debug|Any CPU
		Release|Any CPU = Release|Any CPU
	EndGlobalSection
	GlobalSection(ProjectConfigurationPlatforms) = postSolution
		{4D3561BE-29BA-19A4-1341-1A8FD54C10E3}.Debug|Any CPU.ActiveCfg = Debug|Any CPU
		{4D3561BE-29BA-19A4-1341-1A8FD54C10E3}.Debug|Any CPU.Build.0 = Debug|Any CPU
		{4D3561BE-29BA-19A4-1341-1A8FD54C10E3}.Release|Any CPU.ActiveCfg = Release|Any CPU
		{4D3561BE-29BA-19A4-1341-1A8FD54C10E3}.Release|Any CPU.Build.0 = Release|Any CPU
	EndGlobalSection
	GlobalSection(SolutionProperties) = preSolution
		HideSolutionNode = FALSE
	EndGlobalSection
	GlobalSection(ExtensibilityGlobals) = postSolution
		SolutionGuid = {EC919506-C2F9-4C01-88E8-67E7C0395034}
	EndGlobalSection
EndGlobal
